// !$*UTF8*$!
{
	archiveVersion = 1;
	classes = {
	};
	objectVersion = 50;
	objects = {

/* Begin PBXBuildFile section */
		3406311920C0E0B100CE7ED8 /* sea.png in Resources */ = {isa = PBXBuildFile; fileRef = 3406311720C0E0B100CE7ED8 /* sea.png */; };
		3406311A20C0E0B100CE7ED8 /* dog.png in Resources */ = {isa = PBXBuildFile; fileRef = 3406311820C0E0B100CE7ED8 /* dog.png */; };
		343720F520C0F4A00078DB31 /* dog.wav in Resources */ = {isa = PBXBuildFile; fileRef = 343720F420C0F4A00078DB31 /* dog.wav */; };
		3437210A20C11F250078DB31 /* NSString+SULoader.m in Sources */ = {isa = PBXBuildFile; fileRef = 3437210120C11F250078DB31 /* NSString+SULoader.m */; };
		3437210B20C11F250078DB31 /* NSURL+SULoader.m in Sources */ = {isa = PBXBuildFile; fileRef = 3437210220C11F250078DB31 /* NSURL+SULoader.m */; };
		3437210C20C11F250078DB31 /* SUResourceLoader.m in Sources */ = {isa = PBXBuildFile; fileRef = 3437210420C11F250078DB31 /* SUResourceLoader.m */; };
		3437210D20C11F250078DB31 /* SURequestTask.m in Sources */ = {isa = PBXBuildFile; fileRef = 3437210620C11F250078DB31 /* SURequestTask.m */; };
		3437210E20C11F250078DB31 /* SUPlayer.m in Sources */ = {isa = PBXBuildFile; fileRef = 3437210720C11F250078DB31 /* SUPlayer.m */; };
		3437210F20C11F250078DB31 /* SUFileHandle.m in Sources */ = {isa = PBXBuildFile; fileRef = 3437210920C11F250078DB31 /* SUFileHandle.m */; };
		3437211220C11F7C0078DB31 /* AVCachePlayerViewController.m in Sources */ = {isa = PBXBuildFile; fileRef = 3437211120C11F7C0078DB31 /* AVCachePlayerViewController.m */; };
		3437211420C1233E0078DB31 /* tree.png in Resources */ = {isa = PBXBuildFile; fileRef = 3437211320C1233E0078DB31 /* tree.png */; };
		344ADD9120C4D60200792AC9 /* AVEqualizerPlayerController.m in Sources */ = {isa = PBXBuildFile; fileRef = 344ADD9020C4D60200792AC9 /* AVEqualizerPlayerController.m */; };
		344ADD9320C4D72100792AC9 /* model.png in Resources */ = {isa = PBXBuildFile; fileRef = 344ADD9220C4D72100792AC9 /* model.png */; };
		344ADD9F20C53B6000792AC9 /* specialPeople.mp3 in Resources */ = {isa = PBXBuildFile; fileRef = 344ADD9E20C53B6000792AC9 /* specialPeople.mp3 */; };
		34D5BEC020BFBBBD00462281 /* AppDelegate.m in Sources */ = {isa = PBXBuildFile; fileRef = 34D5BEBF20BFBBBD00462281 /* AppDelegate.m */; };
		34D5BEC620BFBBBD00462281 /* Main.storyboard in Resources */ = {isa = PBXBuildFile; fileRef = 34D5BEC420BFBBBD00462281 /* Main.storyboard */; };
		34D5BEC820BFBBC600462281 /* Assets.xcassets in Resources */ = {isa = PBXBuildFile; fileRef = 34D5BEC720BFBBC600462281 /* Assets.xcassets */; };
		34D5BECB20BFBBC600462281 /* LaunchScreen.storyboard in Resources */ = {isa = PBXBuildFile; fileRef = 34D5BEC920BFBBC600462281 /* LaunchScreen.storyboard */; };
		34D5BECE20BFBBC600462281 /* main.m in Sources */ = {isa = PBXBuildFile; fileRef = 34D5BECD20BFBBC600462281 /* main.m */; };
		34D5BED820BFBBC600462281 /* iOSPrinciple_AVFoundationTests.m in Sources */ = {isa = PBXBuildFile; fileRef = 34D5BED720BFBBC600462281 /* iOSPrinciple_AVFoundationTests.m */; };
		34D5BEE320BFBBC600462281 /* iOSPrinciple_AVFoundationUITests.m in Sources */ = {isa = PBXBuildFile; fileRef = 34D5BEE220BFBBC600462281 /* iOSPrinciple_AVFoundationUITests.m */; };
		34D5BEFA20BFDF7F00462281 /* sea.wav in Resources */ = {isa = PBXBuildFile; fileRef = 34D5BEF820BFDF7F00462281 /* sea.wav */; };
		34D5BEFD20BFE06E00462281 /* AVAudioPlayerViewController.m in Sources */ = {isa = PBXBuildFile; fileRef = 34D5BEFC20BFE06E00462281 /* AVAudioPlayerViewController.m */; };
		34D5BF0220BFF41D00462281 /* RSPlayerTools.m in Sources */ = {isa = PBXBuildFile; fileRef = 34D5BF0120BFF41D00462281 /* RSPlayerTools.m */; };
		34D5BF0520BFF4CD00462281 /* RSMusicModel.m in Sources */ = {isa = PBXBuildFile; fileRef = 34D5BF0420BFF4CD00462281 /* RSMusicModel.m */; };
		34D5BF0820BFF6E600462281 /* AVPlayerViewController.m in Sources */ = {isa = PBXBuildFile; fileRef = 34D5BF0720BFF6E600462281 /* AVPlayerViewController.m */; };
		3CD9D5386E1A687FB0B97133 /* libPods-iOSPrinciple_AVFoundationTests.a in Frameworks */ = {isa = PBXBuildFile; fileRef = 874EF896534C7035F0806AB1 /* libPods-iOSPrinciple_AVFoundationTests.a */; };
		654A3CE0A74C127A52388658 /* libPods-iOSPrinciple_AVFoundationUITests.a in Frameworks */ = {isa = PBXBuildFile; fileRef = 12F06F613A45429D9274F00E /* libPods-iOSPrinciple_AVFoundationUITests.a */; };
		8EEC6C4E84CB96B78718B799 /* libPods-iOSPrinciple_AVFoundation.a in Frameworks */ = {isa = PBXBuildFile; fileRef = 3C966C7083810B15C8772A02 /* libPods-iOSPrinciple_AVFoundation.a */; };
/* End PBXBuildFile section */

/* Begin PBXContainerItemProxy section */
		34D5BED420BFBBC600462281 /* PBXContainerItemProxy */ = {
			isa = PBXContainerItemProxy;
			containerPortal = 34D5BEB320BFBBBC00462281 /* Project object */;
			proxyType = 1;
			remoteGlobalIDString = 34D5BEBA20BFBBBD00462281;
			remoteInfo = iOSPrinciple_AVFoundation;
		};
		34D5BEDF20BFBBC600462281 /* PBXContainerItemProxy */ = {
			isa = PBXContainerItemProxy;
			containerPortal = 34D5BEB320BFBBBC00462281 /* Project object */;
			proxyType = 1;
			remoteGlobalIDString = 34D5BEBA20BFBBBD00462281;
			remoteInfo = iOSPrinciple_AVFoundation;
		};
/* End PBXContainerItemProxy section */

/* Begin PBXFileReference section */
		1247A7F327AA27A4748DA0A0 /* Pods-iOSPrinciple_AVFoundationUITests.release.xcconfig */ = {isa = PBXFileReference; includeInIndex = 1; lastKnownFileType = text.xcconfig; name = "Pods-iOSPrinciple_AVFoundationUITests.release.xcconfig"; path = "Pods/Target Support Files/Pods-iOSPrinciple_AVFoundationUITests/Pods-iOSPrinciple_AVFoundationUITests.release.xcconfig"; sourceTree = "<group>"; };
		12F06F613A45429D9274F00E /* libPods-iOSPrinciple_AVFoundationUITests.a */ = {isa = PBXFileReference; explicitFileType = archive.ar; includeInIndex = 0; path = "libPods-iOSPrinciple_AVFoundationUITests.a"; sourceTree = BUILT_PRODUCTS_DIR; };
		15DE7EA105F31DA9A6296AF0 /* Pods-iOSPrinciple_AVFoundationTests.release.xcconfig */ = {isa = PBXFileReference; includeInIndex = 1; lastKnownFileType = text.xcconfig; name = "Pods-iOSPrinciple_AVFoundationTests.release.xcconfig"; path = "Pods/Target Support Files/Pods-iOSPrinciple_AVFoundationTests/Pods-iOSPrinciple_AVFoundationTests.release.xcconfig"; sourceTree = "<group>"; };
		3406311720C0E0B100CE7ED8 /* sea.png */ = {isa = PBXFileReference; lastKnownFileType = image.png; name = sea.png; path = iOSPrinciple_AVFoundation/Resource/images/sea.png; sourceTree = SOURCE_ROOT; };
		3406311820C0E0B100CE7ED8 /* dog.png */ = {isa = PBXFileReference; lastKnownFileType = image.png; name = dog.png; path = iOSPrinciple_AVFoundation/Resource/images/dog.png; sourceTree = SOURCE_ROOT; };
		343720F420C0F4A00078DB31 /* dog.wav */ = {isa = PBXFileReference; lastKnownFileType = audio.wav; path = dog.wav; sourceTree = "<group>"; };
		343720FC20C11F250078DB31 /* SURequestTask.h */ = {isa = PBXFileReference; fileEncoding = 4; lastKnownFileType = sourcecode.c.h; path = SURequestTask.h; sourceTree = "<group>"; };
		343720FE20C11F250078DB31 /* NSURL+SULoader.h */ = {isa = PBXFileReference; fileEncoding = 4; lastKnownFileType = sourcecode.c.h; path = "NSURL+SULoader.h"; sourceTree = "<group>"; };
		343720FF20C11F250078DB31 /* NSString+SULoader.h */ = {isa = PBXFileReference; fileEncoding = 4; lastKnownFileType = sourcecode.c.h; path = "NSString+SULoader.h"; sourceTree = "<group>"; };
		3437210020C11F250078DB31 /* SULoaderCategory.h */ = {isa = PBXFileReference; fileEncoding = 4; lastKnownFileType = sourcecode.c.h; path = SULoaderCategory.h; sourceTree = "<group>"; };
		3437210120C11F250078DB31 /* NSString+SULoader.m */ = {isa = PBXFileReference; fileEncoding = 4; lastKnownFileType = sourcecode.c.objc; path = "NSString+SULoader.m"; sourceTree = "<group>"; };
		3437210220C11F250078DB31 /* NSURL+SULoader.m */ = {isa = PBXFileReference; fileEncoding = 4; lastKnownFileType = sourcecode.c.objc; path = "NSURL+SULoader.m"; sourceTree = "<group>"; };
		3437210320C11F250078DB31 /* SUFileHandle.h */ = {isa = PBXFileReference; fileEncoding = 4; lastKnownFileType = sourcecode.c.h; path = SUFileHandle.h; sourceTree = "<group>"; };
		3437210420C11F250078DB31 /* SUResourceLoader.m */ = {isa = PBXFileReference; fileEncoding = 4; lastKnownFileType = sourcecode.c.objc; path = SUResourceLoader.m; sourceTree = "<group>"; };
		3437210520C11F250078DB31 /* SUPlayer.h */ = {isa = PBXFileReference; fileEncoding = 4; lastKnownFileType = sourcecode.c.h; path = SUPlayer.h; sourceTree = "<group>"; };
		3437210620C11F250078DB31 /* SURequestTask.m */ = {isa = PBXFileReference; fileEncoding = 4; lastKnownFileType = sourcecode.c.objc; path = SURequestTask.m; sourceTree = "<group>"; };
		3437210720C11F250078DB31 /* SUPlayer.m */ = {isa = PBXFileReference; fileEncoding = 4; lastKnownFileType = sourcecode.c.objc; path = SUPlayer.m; sourceTree = "<group>"; };
		3437210820C11F250078DB31 /* SUResourceLoader.h */ = {isa = PBXFileReference; fileEncoding = 4; lastKnownFileType = sourcecode.c.h; path = SUResourceLoader.h; sourceTree = "<group>"; };
		3437210920C11F250078DB31 /* SUFileHandle.m */ = {isa = PBXFileReference; fileEncoding = 4; lastKnownFileType = sourcecode.c.objc; path = SUFileHandle.m; sourceTree = "<group>"; };
		3437211020C11F7C0078DB31 /* AVCachePlayerViewController.h */ = {isa = PBXFileReference; lastKnownFileType = sourcecode.c.h; path = AVCachePlayerViewController.h; sourceTree = "<group>"; };
		3437211120C11F7C0078DB31 /* AVCachePlayerViewController.m */ = {isa = PBXFileReference; lastKnownFileType = sourcecode.c.objc; path = AVCachePlayerViewController.m; sourceTree = "<group>"; };
		3437211320C1233E0078DB31 /* tree.png */ = {isa = PBXFileReference; lastKnownFileType = image.png; path = tree.png; sourceTree = "<group>"; };
		344ADD8F20C4D60200792AC9 /* AVEqualizerPlayerController.h */ = {isa = PBXFileReference; lastKnownFileType = sourcecode.c.h; path = AVEqualizerPlayerController.h; sourceTree = "<group>"; };
		344ADD9020C4D60200792AC9 /* AVEqualizerPlayerController.m */ = {isa = PBXFileReference; lastKnownFileType = sourcecode.c.objc; path = AVEqualizerPlayerController.m; sourceTree = "<group>"; };
		344ADD9220C4D72100792AC9 /* model.png */ = {isa = PBXFileReference; lastKnownFileType = image.png; path = model.png; sourceTree = "<group>"; };
		344ADD9E20C53B6000792AC9 /* specialPeople.mp3 */ = {isa = PBXFileReference; lastKnownFileType = audio.mp3; path = specialPeople.mp3; sourceTree = "<group>"; };
		34D5BEBB20BFBBBD00462281 /* iOSPrinciple_AVFoundation.app */ = {isa = PBXFileReference; explicitFileType = wrapper.application; includeInIndex = 0; path = iOSPrinciple_AVFoundation.app; sourceTree = BUILT_PRODUCTS_DIR; };
		34D5BEBE20BFBBBD00462281 /* AppDelegate.h */ = {isa = PBXFileReference; lastKnownFileType = sourcecode.c.h; path = AppDelegate.h; sourceTree = "<group>"; };
		34D5BEBF20BFBBBD00462281 /* AppDelegate.m */ = {isa = PBXFileReference; lastKnownFileType = sourcecode.c.objc; path = AppDelegate.m; sourceTree = "<group>"; };
		34D5BEC520BFBBBD00462281 /* Base */ = {isa = PBXFileReference; lastKnownFileType = file.storyboard; name = Base; path = Base.lproj/Main.storyboard; sourceTree = "<group>"; };
		34D5BEC720BFBBC600462281 /* Assets.xcassets */ = {isa = PBXFileReference; lastKnownFileType = folder.assetcatalog; path = Assets.xcassets; sourceTree = "<group>"; };
		34D5BECA20BFBBC600462281 /* Base */ = {isa = PBXFileReference; lastKnownFileType = file.storyboard; name = Base; path = Base.lproj/LaunchScreen.storyboard; sourceTree = "<group>"; };
		34D5BECC20BFBBC600462281 /* Info.plist */ = {isa = PBXFileReference; lastKnownFileType = text.plist.xml; path = Info.plist; sourceTree = "<group>"; };
		34D5BECD20BFBBC600462281 /* main.m */ = {isa = PBXFileReference; lastKnownFileType = sourcecode.c.objc; path = main.m; sourceTree = "<group>"; };
		34D5BED320BFBBC600462281 /* iOSPrinciple_AVFoundationTests.xctest */ = {isa = PBXFileReference; explicitFileType = wrapper.cfbundle; includeInIndex = 0; path = iOSPrinciple_AVFoundationTests.xctest; sourceTree = BUILT_PRODUCTS_DIR; };
		34D5BED720BFBBC600462281 /* iOSPrinciple_AVFoundationTests.m */ = {isa = PBXFileReference; lastKnownFileType = sourcecode.c.objc; path = iOSPrinciple_AVFoundationTests.m; sourceTree = "<group>"; };
		34D5BED920BFBBC600462281 /* Info.plist */ = {isa = PBXFileReference; lastKnownFileType = text.plist.xml; path = Info.plist; sourceTree = "<group>"; };
		34D5BEDE20BFBBC600462281 /* iOSPrinciple_AVFoundationUITests.xctest */ = {isa = PBXFileReference; explicitFileType = wrapper.cfbundle; includeInIndex = 0; path = iOSPrinciple_AVFoundationUITests.xctest; sourceTree = BUILT_PRODUCTS_DIR; };
		34D5BEE220BFBBC600462281 /* iOSPrinciple_AVFoundationUITests.m */ = {isa = PBXFileReference; lastKnownFileType = sourcecode.c.objc; path = iOSPrinciple_AVFoundationUITests.m; sourceTree = "<group>"; };
		34D5BEE420BFBBC600462281 /* Info.plist */ = {isa = PBXFileReference; lastKnownFileType = text.plist.xml; path = Info.plist; sourceTree = "<group>"; };
		34D5BEF820BFDF7F00462281 /* sea.wav */ = {isa = PBXFileReference; lastKnownFileType = audio.wav; path = sea.wav; sourceTree = "<group>"; };
		34D5BEFB20BFE06E00462281 /* AVAudioPlayerViewController.h */ = {isa = PBXFileReference; lastKnownFileType = sourcecode.c.h; path = AVAudioPlayerViewController.h; sourceTree = "<group>"; };
		34D5BEFC20BFE06E00462281 /* AVAudioPlayerViewController.m */ = {isa = PBXFileReference; lastKnownFileType = sourcecode.c.objc; path = AVAudioPlayerViewController.m; sourceTree = "<group>"; };
		34D5BF0020BFF41D00462281 /* RSPlayerTools.h */ = {isa = PBXFileReference; lastKnownFileType = sourcecode.c.h; path = RSPlayerTools.h; sourceTree = "<group>"; };
		34D5BF0120BFF41D00462281 /* RSPlayerTools.m */ = {isa = PBXFileReference; lastKnownFileType = sourcecode.c.objc; path = RSPlayerTools.m; sourceTree = "<group>"; };
		34D5BF0320BFF4CD00462281 /* RSMusicModel.h */ = {isa = PBXFileReference; lastKnownFileType = sourcecode.c.h; path = RSMusicModel.h; sourceTree = "<group>"; };
		34D5BF0420BFF4CD00462281 /* RSMusicModel.m */ = {isa = PBXFileReference; lastKnownFileType = sourcecode.c.objc; path = RSMusicModel.m; sourceTree = "<group>"; };
		34D5BF0620BFF6E600462281 /* AVPlayerViewController.h */ = {isa = PBXFileReference; lastKnownFileType = sourcecode.c.h; path = AVPlayerViewController.h; sourceTree = "<group>"; };
		34D5BF0720BFF6E600462281 /* AVPlayerViewController.m */ = {isa = PBXFileReference; lastKnownFileType = sourcecode.c.objc; path = AVPlayerViewController.m; sourceTree = "<group>"; };
		3C966C7083810B15C8772A02 /* libPods-iOSPrinciple_AVFoundation.a */ = {isa = PBXFileReference; explicitFileType = archive.ar; includeInIndex = 0; path = "libPods-iOSPrinciple_AVFoundation.a"; sourceTree = BUILT_PRODUCTS_DIR; };
		7868855C9806E5CB6F2075DA /* Pods-iOSPrinciple_AVFoundationUITests.debug.xcconfig */ = {isa = PBXFileReference; includeInIndex = 1; lastKnownFileType = text.xcconfig; name = "Pods-iOSPrinciple_AVFoundationUITests.debug.xcconfig"; path = "Pods/Target Support Files/Pods-iOSPrinciple_AVFoundationUITests/Pods-iOSPrinciple_AVFoundationUITests.debug.xcconfig"; sourceTree = "<group>"; };
		86225F83C238272D84D30BE1 /* Pods-iOSPrinciple_AVFoundation.debug.xcconfig */ = {isa = PBXFileReference; includeInIndex = 1; lastKnownFileType = text.xcconfig; name = "Pods-iOSPrinciple_AVFoundation.debug.xcconfig"; path = "Pods/Target Support Files/Pods-iOSPrinciple_AVFoundation/Pods-iOSPrinciple_AVFoundation.debug.xcconfig"; sourceTree = "<group>"; };
		874EF896534C7035F0806AB1 /* libPods-iOSPrinciple_AVFoundationTests.a */ = {isa = PBXFileReference; explicitFileType = archive.ar; includeInIndex = 0; path = "libPods-iOSPrinciple_AVFoundationTests.a"; sourceTree = BUILT_PRODUCTS_DIR; };
		C6B7705879FAD14598D345B1 /* Pods-iOSPrinciple_AVFoundation.release.xcconfig */ = {isa = PBXFileReference; includeInIndex = 1; lastKnownFileType = text.xcconfig; name = "Pods-iOSPrinciple_AVFoundation.release.xcconfig"; path = "Pods/Target Support Files/Pods-iOSPrinciple_AVFoundation/Pods-iOSPrinciple_AVFoundation.release.xcconfig"; sourceTree = "<group>"; };
		DE4257D8BBB857698404B8A1 /* Pods-iOSPrinciple_AVFoundationTests.debug.xcconfig */ = {isa = PBXFileReference; includeInIndex = 1; lastKnownFileType = text.xcconfig; name = "Pods-iOSPrinciple_AVFoundationTests.debug.xcconfig"; path = "Pods/Target Support Files/Pods-iOSPrinciple_AVFoundationTests/Pods-iOSPrinciple_AVFoundationTests.debug.xcconfig"; sourceTree = "<group>"; };
/* End PBXFileReference section */

/* Begin PBXFrameworksBuildPhase section */
		34D5BEB820BFBBBD00462281 /* Frameworks */ = {
			isa = PBXFrameworksBuildPhase;
			buildActionMask = 2147483647;
			files = (
				8EEC6C4E84CB96B78718B799 /* libPods-iOSPrinciple_AVFoundation.a in Frameworks */,
			);
			runOnlyForDeploymentPostprocessing = 0;
		};
		34D5BED020BFBBC600462281 /* Frameworks */ = {
			isa = PBXFrameworksBuildPhase;
			buildActionMask = 2147483647;
			files = (
				3CD9D5386E1A687FB0B97133 /* libPods-iOSPrinciple_AVFoundationTests.a in Frameworks */,
			);
			runOnlyForDeploymentPostprocessing = 0;
		};
		34D5BEDB20BFBBC600462281 /* Frameworks */ = {
			isa = PBXFrameworksBuildPhase;
			buildActionMask = 2147483647;
			files = (
				654A3CE0A74C127A52388658 /* libPods-iOSPrinciple_AVFoundationUITests.a in Frameworks */,
			);
			runOnlyForDeploymentPostprocessing = 0;
		};
/* End PBXFrameworksBuildPhase section */

/* Begin PBXGroup section */
		343720FA20C11F0C0078DB31 /* AVCachePlayer */ = {
			isa = PBXGroup;
			children = (
				343720FB20C11F250078DB31 /* AVCPlayer */,
				3437211020C11F7C0078DB31 /* AVCachePlayerViewController.h */,
				3437211120C11F7C0078DB31 /* AVCachePlayerViewController.m */,
			);
			path = AVCachePlayer;
			sourceTree = "<group>";
		};
		343720FB20C11F250078DB31 /* AVCPlayer */ = {
			isa = PBXGroup;
			children = (
				343720FD20C11F250078DB31 /* Category */,
				343720FC20C11F250078DB31 /* SURequestTask.h */,
				3437210320C11F250078DB31 /* SUFileHandle.h */,
				3437210420C11F250078DB31 /* SUResourceLoader.m */,
				3437210520C11F250078DB31 /* SUPlayer.h */,
				3437210620C11F250078DB31 /* SURequestTask.m */,
				3437210720C11F250078DB31 /* SUPlayer.m */,
				3437210820C11F250078DB31 /* SUResourceLoader.h */,
				3437210920C11F250078DB31 /* SUFileHandle.m */,
			);
			path = AVCPlayer;
			sourceTree = "<group>";
		};
		343720FD20C11F250078DB31 /* Category */ = {
			isa = PBXGroup;
			children = (
				343720FE20C11F250078DB31 /* NSURL+SULoader.h */,
				343720FF20C11F250078DB31 /* NSString+SULoader.h */,
				3437210020C11F250078DB31 /* SULoaderCategory.h */,
				3437210120C11F250078DB31 /* NSString+SULoader.m */,
				3437210220C11F250078DB31 /* NSURL+SULoader.m */,
			);
			path = Category;
			sourceTree = "<group>";
		};
		344ADD8E20C4D5E800792AC9 /* AVCachePlayerEqualizer */ = {
			isa = PBXGroup;
			children = (
				344ADD8F20C4D60200792AC9 /* AVEqualizerPlayerController.h */,
				344ADD9020C4D60200792AC9 /* AVEqualizerPlayerController.m */,
			);
			path = AVCachePlayerEqualizer;
			sourceTree = "<group>";
		};
		34D5BEB220BFBBBC00462281 = {
			isa = PBXGroup;
			children = (
				34D5BEBD20BFBBBD00462281 /* iOSPrinciple_AVFoundation */,
				34D5BED620BFBBC600462281 /* iOSPrinciple_AVFoundationTests */,
				34D5BEE120BFBBC600462281 /* iOSPrinciple_AVFoundationUITests */,
				34D5BEBC20BFBBBD00462281 /* Products */,
				B03E2C1299ADDACD864654FB /* Pods */,
				81819888894F0DD45D2C1786 /* Frameworks */,
			);
			sourceTree = "<group>";
		};
		34D5BEBC20BFBBBD00462281 /* Products */ = {
			isa = PBXGroup;
			children = (
				34D5BEBB20BFBBBD00462281 /* iOSPrinciple_AVFoundation.app */,
				34D5BED320BFBBC600462281 /* iOSPrinciple_AVFoundationTests.xctest */,
				34D5BEDE20BFBBC600462281 /* iOSPrinciple_AVFoundationUITests.xctest */,
			);
			name = Products;
			sourceTree = "<group>";
		};
		34D5BEBD20BFBBBD00462281 /* iOSPrinciple_AVFoundation */ = {
			isa = PBXGroup;
			children = (
				34D5BEBE20BFBBBD00462281 /* AppDelegate.h */,
				34D5BEBF20BFBBBD00462281 /* AppDelegate.m */,
				344ADD8E20C4D5E800792AC9 /* AVCachePlayerEqualizer */,
				343720FA20C11F0C0078DB31 /* AVCachePlayer */,
				34D5BEFF20BFF33B00462281 /* AVPlayer */,
				34D5BEFE20BFF2DF00462281 /* AVAudioPlayer */,
				34D5BEF020BFBC3000462281 /* Resource */,
				34D5BEC420BFBBBD00462281 /* Main.storyboard */,
				34D5BEC720BFBBC600462281 /* Assets.xcassets */,
				34D5BEC920BFBBC600462281 /* LaunchScreen.storyboard */,
				34D5BECC20BFBBC600462281 /* Info.plist */,
				34D5BECD20BFBBC600462281 /* main.m */,
			);
			path = iOSPrinciple_AVFoundation;
			sourceTree = "<group>";
		};
		34D5BED620BFBBC600462281 /* iOSPrinciple_AVFoundationTests */ = {
			isa = PBXGroup;
			children = (
				34D5BED720BFBBC600462281 /* iOSPrinciple_AVFoundationTests.m */,
				34D5BED920BFBBC600462281 /* Info.plist */,
			);
			path = iOSPrinciple_AVFoundationTests;
			sourceTree = "<group>";
		};
		34D5BEE120BFBBC600462281 /* iOSPrinciple_AVFoundationUITests */ = {
			isa = PBXGroup;
			children = (
				34D5BEE220BFBBC600462281 /* iOSPrinciple_AVFoundationUITests.m */,
				34D5BEE420BFBBC600462281 /* Info.plist */,
			);
			path = iOSPrinciple_AVFoundationUITests;
			sourceTree = "<group>";
		};
		34D5BEF020BFBC3000462281 /* Resource */ = {
			isa = PBXGroup;
			children = (
				34D5BEF220BFDF6300462281 /* sounds */,
				34D5BEF120BFDF4E00462281 /* images */,
			);
			path = Resource;
			sourceTree = "<group>";
		};
		34D5BEF120BFDF4E00462281 /* images */ = {
			isa = PBXGroup;
			children = (
				344ADD9220C4D72100792AC9 /* model.png */,
				3437211320C1233E0078DB31 /* tree.png */,
				3406311820C0E0B100CE7ED8 /* dog.png */,
				3406311720C0E0B100CE7ED8 /* sea.png */,
			);
			path = images;
			sourceTree = "<group>";
		};
		34D5BEF220BFDF6300462281 /* sounds */ = {
			isa = PBXGroup;
			children = (
				344ADD9E20C53B6000792AC9 /* specialPeople.mp3 */,
				343720F420C0F4A00078DB31 /* dog.wav */,
				34D5BEF820BFDF7F00462281 /* sea.wav */,
			);
			path = sounds;
			sourceTree = "<group>";
		};
		34D5BEFE20BFF2DF00462281 /* AVAudioPlayer */ = {
			isa = PBXGroup;
			children = (
				34D5BEFB20BFE06E00462281 /* AVAudioPlayerViewController.h */,
				34D5BEFC20BFE06E00462281 /* AVAudioPlayerViewController.m */,
			);
			path = AVAudioPlayer;
			sourceTree = "<group>";
		};
		34D5BEFF20BFF33B00462281 /* AVPlayer */ = {
			isa = PBXGroup;
			children = (
				34D5BF0020BFF41D00462281 /* RSPlayerTools.h */,
				34D5BF0120BFF41D00462281 /* RSPlayerTools.m */,
				34D5BF0320BFF4CD00462281 /* RSMusicModel.h */,
				34D5BF0420BFF4CD00462281 /* RSMusicModel.m */,
				34D5BF0620BFF6E600462281 /* AVPlayerViewController.h */,
				34D5BF0720BFF6E600462281 /* AVPlayerViewController.m */,
			);
			path = AVPlayer;
			sourceTree = "<group>";
		};
		81819888894F0DD45D2C1786 /* Frameworks */ = {
			isa = PBXGroup;
			children = (
				3C966C7083810B15C8772A02 /* libPods-iOSPrinciple_AVFoundation.a */,
				874EF896534C7035F0806AB1 /* libPods-iOSPrinciple_AVFoundationTests.a */,
				12F06F613A45429D9274F00E /* libPods-iOSPrinciple_AVFoundationUITests.a */,
			);
			name = Frameworks;
			sourceTree = "<group>";
		};
		B03E2C1299ADDACD864654FB /* Pods */ = {
			isa = PBXGroup;
			children = (
				86225F83C238272D84D30BE1 /* Pods-iOSPrinciple_AVFoundation.debug.xcconfig */,
				C6B7705879FAD14598D345B1 /* Pods-iOSPrinciple_AVFoundation.release.xcconfig */,
				DE4257D8BBB857698404B8A1 /* Pods-iOSPrinciple_AVFoundationTests.debug.xcconfig */,
				15DE7EA105F31DA9A6296AF0 /* Pods-iOSPrinciple_AVFoundationTests.release.xcconfig */,
				7868855C9806E5CB6F2075DA /* Pods-iOSPrinciple_AVFoundationUITests.debug.xcconfig */,
				1247A7F327AA27A4748DA0A0 /* Pods-iOSPrinciple_AVFoundationUITests.release.xcconfig */,
			);
			name = Pods;
			sourceTree = "<group>";
		};
/* End PBXGroup section */

/* Begin PBXNativeTarget section */
		34D5BEBA20BFBBBD00462281 /* iOSPrinciple_AVFoundation */ = {
			isa = PBXNativeTarget;
			buildConfigurationList = 34D5BEE720BFBBC600462281 /* Build configuration list for PBXNativeTarget "iOSPrinciple_AVFoundation" */;
			buildPhases = (
				33B1A9B9A994C16B5C793BA0 /* [CP] Check Pods Manifest.lock */,
				34D5BEB720BFBBBD00462281 /* Sources */,
				34D5BEB820BFBBBD00462281 /* Frameworks */,
				34D5BEB920BFBBBD00462281 /* Resources */,
				E4D8F42713333C694057934A /* [CP] Embed Pods Frameworks */,
				2B0FA0470F13028FDFCB9AF8 /* [CP] Copy Pods Resources */,
			);
			buildRules = (
			);
			dependencies = (
			);
			name = iOSPrinciple_AVFoundation;
			productName = iOSPrinciple_AVFoundation;
			productReference = 34D5BEBB20BFBBBD00462281 /* iOSPrinciple_AVFoundation.app */;
			productType = "com.apple.product-type.application";
		};
		34D5BED220BFBBC600462281 /* iOSPrinciple_AVFoundationTests */ = {
			isa = PBXNativeTarget;
			buildConfigurationList = 34D5BEEA20BFBBC600462281 /* Build configuration list for PBXNativeTarget "iOSPrinciple_AVFoundationTests" */;
			buildPhases = (
				3E49D7A89E074AE0747F0B8E /* [CP] Check Pods Manifest.lock */,
				34D5BECF20BFBBC600462281 /* Sources */,
				34D5BED020BFBBC600462281 /* Frameworks */,
				34D5BED120BFBBC600462281 /* Resources */,
				BAFEF5E386D3FBFA9FA2CAC0 /* [CP] Embed Pods Frameworks */,
				3F45EDA06B8554A5BAF49264 /* [CP] Copy Pods Resources */,
			);
			buildRules = (
			);
			dependencies = (
				34D5BED520BFBBC600462281 /* PBXTargetDependency */,
			);
			name = iOSPrinciple_AVFoundationTests;
			productName = iOSPrinciple_AVFoundationTests;
			productReference = 34D5BED320BFBBC600462281 /* iOSPrinciple_AVFoundationTests.xctest */;
			productType = "com.apple.product-type.bundle.unit-test";
		};
		34D5BEDD20BFBBC600462281 /* iOSPrinciple_AVFoundationUITests */ = {
			isa = PBXNativeTarget;
			buildConfigurationList = 34D5BEED20BFBBC600462281 /* Build configuration list for PBXNativeTarget "iOSPrinciple_AVFoundationUITests" */;
			buildPhases = (
				2926D7D9736752C01AA3049C /* [CP] Check Pods Manifest.lock */,
				34D5BEDA20BFBBC600462281 /* Sources */,
				34D5BEDB20BFBBC600462281 /* Frameworks */,
				34D5BEDC20BFBBC600462281 /* Resources */,
				942111FAAEB05240BDF953AB /* [CP] Embed Pods Frameworks */,
				6C787C180A8BFED5FB5CCEFD /* [CP] Copy Pods Resources */,
			);
			buildRules = (
			);
			dependencies = (
				34D5BEE020BFBBC600462281 /* PBXTargetDependency */,
			);
			name = iOSPrinciple_AVFoundationUITests;
			productName = iOSPrinciple_AVFoundationUITests;
			productReference = 34D5BEDE20BFBBC600462281 /* iOSPrinciple_AVFoundationUITests.xctest */;
			productType = "com.apple.product-type.bundle.ui-testing";
		};
/* End PBXNativeTarget section */

/* Begin PBXProject section */
		34D5BEB320BFBBBC00462281 /* Project object */ = {
			isa = PBXProject;
			attributes = {
				LastUpgradeCheck = 0930;
				ORGANIZATIONNAME = WhatsXie;
				TargetAttributes = {
					34D5BEBA20BFBBBD00462281 = {
						CreatedOnToolsVersion = 9.3.1;
						SystemCapabilities = {
							com.apple.BackgroundModes = {
								enabled = 1;
							};
						};
					};
					34D5BED220BFBBC600462281 = {
						CreatedOnToolsVersion = 9.3.1;
						TestTargetID = 34D5BEBA20BFBBBD00462281;
					};
					34D5BEDD20BFBBC600462281 = {
						CreatedOnToolsVersion = 9.3.1;
						TestTargetID = 34D5BEBA20BFBBBD00462281;
					};
				};
			};
			buildConfigurationList = 34D5BEB620BFBBBC00462281 /* Build configuration list for PBXProject "iOSPrinciple_AVFoundation" */;
			compatibilityVersion = "Xcode 9.3";
			developmentRegion = en;
			hasScannedForEncodings = 0;
			knownRegions = (
				en,
				Base,
			);
			mainGroup = 34D5BEB220BFBBBC00462281;
			productRefGroup = 34D5BEBC20BFBBBD00462281 /* Products */;
			projectDirPath = "";
			projectRoot = "";
			targets = (
				34D5BEBA20BFBBBD00462281 /* iOSPrinciple_AVFoundation */,
				34D5BED220BFBBC600462281 /* iOSPrinciple_AVFoundationTests */,
				34D5BEDD20BFBBC600462281 /* iOSPrinciple_AVFoundationUITests */,
			);
		};
/* End PBXProject section */

/* Begin PBXResourcesBuildPhase section */
		34D5BEB920BFBBBD00462281 /* Resources */ = {
			isa = PBXResourcesBuildPhase;
			buildActionMask = 2147483647;
			files = (
				3406311A20C0E0B100CE7ED8 /* dog.png in Resources */,
				344ADD9F20C53B6000792AC9 /* specialPeople.mp3 in Resources */,
				34D5BEFA20BFDF7F00462281 /* sea.wav in Resources */,
				344ADD9320C4D72100792AC9 /* model.png in Resources */,
				34D5BECB20BFBBC600462281 /* LaunchScreen.storyboard in Resources */,
				3437211420C1233E0078DB31 /* tree.png in Resources */,
				3406311920C0E0B100CE7ED8 /* sea.png in Resources */,
				343720F520C0F4A00078DB31 /* dog.wav in Resources */,
				34D5BEC820BFBBC600462281 /* Assets.xcassets in Resources */,
				34D5BEC620BFBBBD00462281 /* Main.storyboard in Resources */,
			);
			runOnlyForDeploymentPostprocessing = 0;
		};
		34D5BED120BFBBC600462281 /* Resources */ = {
			isa = PBXResourcesBuildPhase;
			buildActionMask = 2147483647;
			files = (
			);
			runOnlyForDeploymentPostprocessing = 0;
		};
		34D5BEDC20BFBBC600462281 /* Resources */ = {
			isa = PBXResourcesBuildPhase;
			buildActionMask = 2147483647;
			files = (
			);
			runOnlyForDeploymentPostprocessing = 0;
		};
/* End PBXResourcesBuildPhase section */

/* Begin PBXShellScriptBuildPhase section */
		2926D7D9736752C01AA3049C /* [CP] Check Pods Manifest.lock */ = {
			isa = PBXShellScriptBuildPhase;
			buildActionMask = 2147483647;
			files = (
			);
			inputPaths = (
				"${PODS_PODFILE_DIR_PATH}/Podfile.lock",
				"${PODS_ROOT}/Manifest.lock",
			);
			name = "[CP] Check Pods Manifest.lock";
			outputPaths = (
				"$(DERIVED_FILE_DIR)/Pods-iOSPrinciple_AVFoundationUITests-checkManifestLockResult.txt",
			);
			runOnlyForDeploymentPostprocessing = 0;
			shellPath = /bin/sh;
			shellScript = "diff \"${PODS_PODFILE_DIR_PATH}/Podfile.lock\" \"${PODS_ROOT}/Manifest.lock\" > /dev/null\nif [ $? != 0 ] ; then\n    # print error to STDERR\n    echo \"error: The sandbox is not in sync with the Podfile.lock. Run 'pod install' or update your CocoaPods installation.\" >&2\n    exit 1\nfi\n# This output is used by Xcode 'outputs' to avoid re-running this script phase.\necho \"SUCCESS\" > \"${SCRIPT_OUTPUT_FILE_0}\"\n";
			showEnvVarsInLog = 0;
		};
		2B0FA0470F13028FDFCB9AF8 /* [CP] Copy Pods Resources */ = {
			isa = PBXShellScriptBuildPhase;
			buildActionMask = 2147483647;
			files = (
			);
			inputPaths = (
			);
			name = "[CP] Copy Pods Resources";
			outputPaths = (
			);
			runOnlyForDeploymentPostprocessing = 0;
			shellPath = /bin/sh;
			shellScript = "\"${SRCROOT}/Pods/Target Support Files/Pods-iOSPrinciple_AVFoundation/Pods-iOSPrinciple_AVFoundation-resources.sh\"\n";
			showEnvVarsInLog = 0;
		};
		33B1A9B9A994C16B5C793BA0 /* [CP] Check Pods Manifest.lock */ = {
			isa = PBXShellScriptBuildPhase;
			buildActionMask = 2147483647;
			files = (
			);
			inputPaths = (
				"${PODS_PODFILE_DIR_PATH}/Podfile.lock",
				"${PODS_ROOT}/Manifest.lock",
			);
			name = "[CP] Check Pods Manifest.lock";
			outputPaths = (
				"$(DERIVED_FILE_DIR)/Pods-iOSPrinciple_AVFoundation-checkManifestLockResult.txt",
			);
			runOnlyForDeploymentPostprocessing = 0;
			shellPath = /bin/sh;
			shellScript = "diff \"${PODS_PODFILE_DIR_PATH}/Podfile.lock\" \"${PODS_ROOT}/Manifest.lock\" > /dev/null\nif [ $? != 0 ] ; then\n    # print error to STDERR\n    echo \"error: The sandbox is not in sync with the Podfile.lock. Run 'pod install' or update your CocoaPods installation.\" >&2\n    exit 1\nfi\n# This output is used by Xcode 'outputs' to avoid re-running this script phase.\necho \"SUCCESS\" > \"${SCRIPT_OUTPUT_FILE_0}\"\n";
			showEnvVarsInLog = 0;
		};
		3E49D7A89E074AE0747F0B8E /* [CP] Check Pods Manifest.lock */ = {
			isa = PBXShellScriptBuildPhase;
			buildActionMask = 2147483647;
			files = (
			);
			inputPaths = (
				"${PODS_PODFILE_DIR_PATH}/Podfile.lock",
				"${PODS_ROOT}/Manifest.lock",
			);
			name = "[CP] Check Pods Manifest.lock";
			outputPaths = (
				"$(DERIVED_FILE_DIR)/Pods-iOSPrinciple_AVFoundationTests-checkManifestLockResult.txt",
			);
			runOnlyForDeploymentPostprocessing = 0;
			shellPath = /bin/sh;
			shellScript = "diff \"${PODS_PODFILE_DIR_PATH}/Podfile.lock\" \"${PODS_ROOT}/Manifest.lock\" > /dev/null\nif [ $? != 0 ] ; then\n    # print error to STDERR\n    echo \"error: The sandbox is not in sync with the Podfile.lock. Run 'pod install' or update your CocoaPods installation.\" >&2\n    exit 1\nfi\n# This output is used by Xcode 'outputs' to avoid re-running this script phase.\necho \"SUCCESS\" > \"${SCRIPT_OUTPUT_FILE_0}\"\n";
			showEnvVarsInLog = 0;
		};
		3F45EDA06B8554A5BAF49264 /* [CP] Copy Pods Resources */ = {
			isa = PBXShellScriptBuildPhase;
			buildActionMask = 2147483647;
			files = (
			);
			inputPaths = (
			);
			name = "[CP] Copy Pods Resources";
			outputPaths = (
			);
			runOnlyForDeploymentPostprocessing = 0;
			shellPath = /bin/sh;
			shellScript = "\"${SRCROOT}/Pods/Target Support Files/Pods-iOSPrinciple_AVFoundationTests/Pods-iOSPrinciple_AVFoundationTests-resources.sh\"\n";
			showEnvVarsInLog = 0;
		};
		6C787C180A8BFED5FB5CCEFD /* [CP] Copy Pods Resources */ = {
			isa = PBXShellScriptBuildPhase;
			buildActionMask = 2147483647;
			files = (
			);
			inputPaths = (
			);
			name = "[CP] Copy Pods Resources";
			outputPaths = (
			);
			runOnlyForDeploymentPostprocessing = 0;
			shellPath = /bin/sh;
			shellScript = "\"${SRCROOT}/Pods/Target Support Files/Pods-iOSPrinciple_AVFoundationUITests/Pods-iOSPrinciple_AVFoundationUITests-resources.sh\"\n";
			showEnvVarsInLog = 0;
		};
		942111FAAEB05240BDF953AB /* [CP] Embed Pods Frameworks */ = {
			isa = PBXShellScriptBuildPhase;
			buildActionMask = 2147483647;
			files = (
			);
			inputPaths = (
			);
			name = "[CP] Embed Pods Frameworks";
			outputPaths = (
			);
			runOnlyForDeploymentPostprocessing = 0;
			shellPath = /bin/sh;
			shellScript = "\"${SRCROOT}/Pods/Target Support Files/Pods-iOSPrinciple_AVFoundationUITests/Pods-iOSPrinciple_AVFoundationUITests-frameworks.sh\"\n";
			showEnvVarsInLog = 0;
		};
		BAFEF5E386D3FBFA9FA2CAC0 /* [CP] Embed Pods Frameworks */ = {
			isa = PBXShellScriptBuildPhase;
			buildActionMask = 2147483647;
			files = (
			);
			inputPaths = (
			);
			name = "[CP] Embed Pods Frameworks";
			outputPaths = (
			);
			runOnlyForDeploymentPostprocessing = 0;
			shellPath = /bin/sh;
			shellScript = "\"${SRCROOT}/Pods/Target Support Files/Pods-iOSPrinciple_AVFoundationTests/Pods-iOSPrinciple_AVFoundationTests-frameworks.sh\"\n";
			showEnvVarsInLog = 0;
		};
		E4D8F42713333C694057934A /* [CP] Embed Pods Frameworks */ = {
			isa = PBXShellScriptBuildPhase;
			buildActionMask = 2147483647;
			files = (
			);
			inputPaths = (
			);
			name = "[CP] Embed Pods Frameworks";
			outputPaths = (
			);
			runOnlyForDeploymentPostprocessing = 0;
			shellPath = /bin/sh;
			shellScript = "\"${SRCROOT}/Pods/Target Support Files/Pods-iOSPrinciple_AVFoundation/Pods-iOSPrinciple_AVFoundation-frameworks.sh\"\n";
			showEnvVarsInLog = 0;
		};
/* End PBXShellScriptBuildPhase section */

/* Begin PBXSourcesBuildPhase section */
		34D5BEB720BFBBBD00462281 /* Sources */ = {
			isa = PBXSourcesBuildPhase;
			buildActionMask = 2147483647;
			files = (
				3437210D20C11F250078DB31 /* SURequestTask.m in Sources */,
				3437210F20C11F250078DB31 /* SUFileHandle.m in Sources */,
				34D5BEFD20BFE06E00462281 /* AVAudioPlayerViewController.m in Sources */,
				3437210C20C11F250078DB31 /* SUResourceLoader.m in Sources */,
				3437210B20C11F250078DB31 /* NSURL+SULoader.m in Sources */,
				3437210A20C11F250078DB31 /* NSString+SULoader.m in Sources */,
				34D5BF0520BFF4CD00462281 /* RSMusicModel.m in Sources */,
				344ADD9120C4D60200792AC9 /* AVEqualizerPlayerController.m in Sources */,
				3437210E20C11F250078DB31 /* SUPlayer.m in Sources */,
				34D5BF0820BFF6E600462281 /* AVPlayerViewController.m in Sources */,
				34D5BF0220BFF41D00462281 /* RSPlayerTools.m in Sources */,
				3437211220C11F7C0078DB31 /* AVCachePlayerViewController.m in Sources */,
				34D5BECE20BFBBC600462281 /* main.m in Sources */,
				34D5BEC020BFBBBD00462281 /* AppDelegate.m in Sources */,
			);
			runOnlyForDeploymentPostprocessing = 0;
		};
		34D5BECF20BFBBC600462281 /* Sources */ = {
			isa = PBXSourcesBuildPhase;
			buildActionMask = 2147483647;
			files = (
				34D5BED820BFBBC600462281 /* iOSPrinciple_AVFoundationTests.m in Sources */,
			);
			runOnlyForDeploymentPostprocessing = 0;
		};
		34D5BEDA20BFBBC600462281 /* Sources */ = {
			isa = PBXSourcesBuildPhase;
			buildActionMask = 2147483647;
			files = (
				34D5BEE320BFBBC600462281 /* iOSPrinciple_AVFoundationUITests.m in Sources */,
			);
			runOnlyForDeploymentPostprocessing = 0;
		};
/* End PBXSourcesBuildPhase section */

/* Begin PBXTargetDependency section */
		34D5BED520BFBBC600462281 /* PBXTargetDependency */ = {
			isa = PBXTargetDependency;
			target = 34D5BEBA20BFBBBD00462281 /* iOSPrinciple_AVFoundation */;
			targetProxy = 34D5BED420BFBBC600462281 /* PBXContainerItemProxy */;
		};
		34D5BEE020BFBBC600462281 /* PBXTargetDependency */ = {
			isa = PBXTargetDependency;
			target = 34D5BEBA20BFBBBD00462281 /* iOSPrinciple_AVFoundation */;
			targetProxy = 34D5BEDF20BFBBC600462281 /* PBXContainerItemProxy */;
		};
/* End PBXTargetDependency section */

/* Begin PBXVariantGroup section */
		34D5BEC420BFBBBD00462281 /* Main.storyboard */ = {
			isa = PBXVariantGroup;
			children = (
				34D5BEC520BFBBBD00462281 /* Base */,
			);
			name = Main.storyboard;
			sourceTree = "<group>";
		};
		34D5BEC920BFBBC600462281 /* LaunchScreen.storyboard */ = {
			isa = PBXVariantGroup;
			children = (
				34D5BECA20BFBBC600462281 /* Base */,
			);
			name = LaunchScreen.storyboard;
			sourceTree = "<group>";
		};
/* End PBXVariantGroup section */

/* Begin XCBuildConfiguration section */
		34D5BEE520BFBBC600462281 /* Debug */ = {
			isa = XCBuildConfiguration;
			buildSettings = {
				ALWAYS_SEARCH_USER_PATHS = NO;
				CLANG_ANALYZER_NONNULL = YES;
				CLANG_ANALYZER_NUMBER_OBJECT_CONVERSION = YES_AGGRESSIVE;
				CLANG_CXX_LANGUAGE_STANDARD = "gnu++14";
				CLANG_CXX_LIBRARY = "libc++";
				CLANG_ENABLE_MODULES = YES;
				CLANG_ENABLE_OBJC_ARC = YES;
				CLANG_ENABLE_OBJC_WEAK = YES;
				CLANG_WARN_BLOCK_CAPTURE_AUTORELEASING = YES;
				CLANG_WARN_BOOL_CONVERSION = YES;
				CLANG_WARN_COMMA = YES;
				CLANG_WARN_CONSTANT_CONVERSION = YES;
				CLANG_WARN_DEPRECATED_OBJC_IMPLEMENTATIONS = YES;
				CLANG_WARN_DIRECT_OBJC_ISA_USAGE = YES_ERROR;
				CLANG_WARN_DOCUMENTATION_COMMENTS = YES;
				CLANG_WARN_EMPTY_BODY = YES;
				CLANG_WARN_ENUM_CONVERSION = YES;
				CLANG_WARN_INFINITE_RECURSION = YES;
				CLANG_WARN_INT_CONVERSION = YES;
				CLANG_WARN_NON_LITERAL_NULL_CONVERSION = YES;
				CLANG_WARN_OBJC_IMPLICIT_RETAIN_SELF = YES;
				CLANG_WARN_OBJC_LITERAL_CONVERSION = YES;
				CLANG_WARN_OBJC_ROOT_CLASS = YES_ERROR;
				CLANG_WARN_RANGE_LOOP_ANALYSIS = YES;
				CLANG_WARN_STRICT_PROTOTYPES = YES;
				CLANG_WARN_SUSPICIOUS_MOVE = YES;
				CLANG_WARN_UNGUARDED_AVAILABILITY = YES_AGGRESSIVE;
				CLANG_WARN_UNREACHABLE_CODE = YES;
				CLANG_WARN__DUPLICATE_METHOD_MATCH = YES;
				CODE_SIGN_IDENTITY = "iPhone Developer";
				COPY_PHASE_STRIP = NO;
				DEBUG_INFORMATION_FORMAT = dwarf;
				ENABLE_STRICT_OBJC_MSGSEND = YES;
				ENABLE_TESTABILITY = YES;
				GCC_C_LANGUAGE_STANDARD = gnu11;
				GCC_DYNAMIC_NO_PIC = NO;
				GCC_NO_COMMON_BLOCKS = YES;
				GCC_OPTIMIZATION_LEVEL = 0;
				GCC_PREPROCESSOR_DEFINITIONS = (
					"DEBUG=1",
					"$(inherited)",
				);
				GCC_WARN_64_TO_32_BIT_CONVERSION = YES;
				GCC_WARN_ABOUT_RETURN_TYPE = YES_ERROR;
				GCC_WARN_UNDECLARED_SELECTOR = YES;
				GCC_WARN_UNINITIALIZED_AUTOS = YES_AGGRESSIVE;
				GCC_WARN_UNUSED_FUNCTION = YES;
				GCC_WARN_UNUSED_VARIABLE = YES;
				IPHONEOS_DEPLOYMENT_TARGET = 11.3;
				MTL_ENABLE_DEBUG_INFO = YES;
				ONLY_ACTIVE_ARCH = YES;
				SDKROOT = iphoneos;
			};
			name = Debug;
		};
		34D5BEE620BFBBC600462281 /* Release */ = {
			isa = XCBuildConfiguration;
			buildSettings = {
				ALWAYS_SEARCH_USER_PATHS = NO;
				CLANG_ANALYZER_NONNULL = YES;
				CLANG_ANALYZER_NUMBER_OBJECT_CONVERSION = YES_AGGRESSIVE;
				CLANG_CXX_LANGUAGE_STANDARD = "gnu++14";
				CLANG_CXX_LIBRARY = "libc++";
				CLANG_ENABLE_MODULES = YES;
				CLANG_ENABLE_OBJC_ARC = YES;
				CLANG_ENABLE_OBJC_WEAK = YES;
				CLANG_WARN_BLOCK_CAPTURE_AUTORELEASING = YES;
				CLANG_WARN_BOOL_CONVERSION = YES;
				CLANG_WARN_COMMA = YES;
				CLANG_WARN_CONSTANT_CONVERSION = YES;
				CLANG_WARN_DEPRECATED_OBJC_IMPLEMENTATIONS = YES;
				CLANG_WARN_DIRECT_OBJC_ISA_USAGE = YES_ERROR;
				CLANG_WARN_DOCUMENTATION_COMMENTS = YES;
				CLANG_WARN_EMPTY_BODY = YES;
				CLANG_WARN_ENUM_CONVERSION = YES;
				CLANG_WARN_INFINITE_RECURSION = YES;
				CLANG_WARN_INT_CONVERSION = YES;
				CLANG_WARN_NON_LITERAL_NULL_CONVERSION = YES;
				CLANG_WARN_OBJC_IMPLICIT_RETAIN_SELF = YES;
				CLANG_WARN_OBJC_LITERAL_CONVERSION = YES;
				CLANG_WARN_OBJC_ROOT_CLASS = YES_ERROR;
				CLANG_WARN_RANGE_LOOP_ANALYSIS = YES;
				CLANG_WARN_STRICT_PROTOTYPES = YES;
				CLANG_WARN_SUSPICIOUS_MOVE = YES;
				CLANG_WARN_UNGUARDED_AVAILABILITY = YES_AGGRESSIVE;
				CLANG_WARN_UNREACHABLE_CODE = YES;
				CLANG_WARN__DUPLICATE_METHOD_MATCH = YES;
				CODE_SIGN_IDENTITY = "iPhone Developer";
				COPY_PHASE_STRIP = NO;
				DEBUG_INFORMATION_FORMAT = "dwarf-with-dsym";
				ENABLE_NS_ASSERTIONS = NO;
				ENABLE_STRICT_OBJC_MSGSEND = YES;
				GCC_C_LANGUAGE_STANDARD = gnu11;
				GCC_NO_COMMON_BLOCKS = YES;
				GCC_WARN_64_TO_32_BIT_CONVERSION = YES;
				GCC_WARN_ABOUT_RETURN_TYPE = YES_ERROR;
				GCC_WARN_UNDECLARED_SELECTOR = YES;
				GCC_WARN_UNINITIALIZED_AUTOS = YES_AGGRESSIVE;
				GCC_WARN_UNUSED_FUNCTION = YES;
				GCC_WARN_UNUSED_VARIABLE = YES;
				IPHONEOS_DEPLOYMENT_TARGET = 11.3;
				MTL_ENABLE_DEBUG_INFO = NO;
				SDKROOT = iphoneos;
				VALIDATE_PRODUCT = YES;
			};
			name = Release;
		};
		34D5BEE820BFBBC600462281 /* Debug */ = {
			isa = XCBuildConfiguration;
			baseConfigurationReference = 86225F83C238272D84D30BE1 /* Pods-iOSPrinciple_AVFoundation.debug.xcconfig */;
			buildSettings = {
				ASSETCATALOG_COMPILER_APPICON_NAME = AppIcon;
				CODE_SIGN_STYLE = Automatic;
				DEVELOPMENT_TEAM = 7QT42R489Z;
				INFOPLIST_FILE = iOSPrinciple_AVFoundation/Info.plist;
				LD_RUNPATH_SEARCH_PATHS = (
					"$(inherited)",
					"@executable_path/Frameworks",
				);
				PRODUCT_BUNDLE_IDENTIFIER = "R.S.iOSPrinciple-AVFoundation";
				PRODUCT_NAME = "$(TARGET_NAME)";
				TARGETED_DEVICE_FAMILY = "1,2";
			};
			name = Debug;
		};
		34D5BEE920BFBBC600462281 /* Release */ = {
			isa = XCBuildConfiguration;
			baseConfigurationReference = C6B7705879FAD14598D345B1 /* Pods-iOSPrinciple_AVFoundation.release.xcconfig */;
			buildSettings = {
				ASSETCATALOG_COMPILER_APPICON_NAME = AppIcon;
				CODE_SIGN_STYLE = Automatic;
				DEVELOPMENT_TEAM = 7QT42R489Z;
				INFOPLIST_FILE = iOSPrinciple_AVFoundation/Info.plist;
				LD_RUNPATH_SEARCH_PATHS = (
					"$(inherited)",
					"@executable_path/Frameworks",
				);
				PRODUCT_BUNDLE_IDENTIFIER = "R.S.iOSPrinciple-AVFoundation";
				PRODUCT_NAME = "$(TARGET_NAME)";
				TARGETED_DEVICE_FAMILY = "1,2";
			};
			name = Release;
		};
		34D5BEEB20BFBBC600462281 /* Debug */ = {
			isa = XCBuildConfiguration;
			baseConfigurationReference = DE4257D8BBB857698404B8A1 /* Pods-iOSPrinciple_AVFoundationTests.debug.xcconfig */;
			buildSettings = {
				BUNDLE_LOADER = "$(TEST_HOST)";
				CODE_SIGN_STYLE = Automatic;
				INFOPLIST_FILE = iOSPrinciple_AVFoundationTests/Info.plist;
				LD_RUNPATH_SEARCH_PATHS = (
					"$(inherited)",
					"@executable_path/Frameworks",
					"@loader_path/Frameworks",
				);
				PRODUCT_BUNDLE_IDENTIFIER = "R.S.iOSPrinciple-AVFoundationTests";
				PRODUCT_NAME = "$(TARGET_NAME)";
				TARGETED_DEVICE_FAMILY = "1,2";
				TEST_HOST = "$(BUILT_PRODUCTS_DIR)/iOSPrinciple_AVFoundation.app/iOSPrinciple_AVFoundation";
			};
			name = Debug;
		};
		34D5BEEC20BFBBC600462281 /* Release */ = {
			isa = XCBuildConfiguration;
			baseConfigurationReference = 15DE7EA105F31DA9A6296AF0 /* Pods-iOSPrinciple_AVFoundationTests.release.xcconfig */;
			buildSettings = {
				BUNDLE_LOADER = "$(TEST_HOST)";
				CODE_SIGN_STYLE = Automatic;
				INFOPLIST_FILE = iOSPrinciple_AVFoundationTests/Info.plist;
				LD_RUNPATH_SEARCH_PATHS = (
					"$(inherited)",
					"@executable_path/Frameworks",
					"@loader_path/Frameworks",
				);
				PRODUCT_BUNDLE_IDENTIFIER = "R.S.iOSPrinciple-AVFoundationTests";
				PRODUCT_NAME = "$(TARGET_NAME)";
				TARGETED_DEVICE_FAMILY = "1,2";
				TEST_HOST = "$(BUILT_PRODUCTS_DIR)/iOSPrinciple_AVFoundation.app/iOSPrinciple_AVFoundation";
			};
			name = Release;
		};
		34D5BEEE20BFBBC600462281 /* Debug */ = {
			isa = XCBuildConfiguration;
			baseConfigurationReference = 7868855C9806E5CB6F2075DA /* Pods-iOSPrinciple_AVFoundationUITests.debug.xcconfig */;
			buildSettings = {
				CODE_SIGN_STYLE = Automatic;
				INFOPLIST_FILE = iOSPrinciple_AVFoundationUITests/Info.plist;
				LD_RUNPATH_SEARCH_PATHS = (
					"$(inherited)",
					"@executable_path/Frameworks",
					"@loader_path/Frameworks",
				);
				PRODUCT_BUNDLE_IDENTIFIER = "R.S.iOSPrinciple-AVFoundationUITests";
				PRODUCT_NAME = "$(TARGET_NAME)";
				TARGETED_DEVICE_FAMILY = "1,2";
				TEST_TARGET_NAME = iOSPrinciple_AVFoundation;
			};
			name = Debug;
		};
		34D5BEEF20BFBBC600462281 /* Release */ = {
			isa = XCBuildConfiguration;
			baseConfigurationReference = 1247A7F327AA27A4748DA0A0 /* Pods-iOSPrinciple_AVFoundationUITests.release.xcconfig */;
			buildSettings = {
				CODE_SIGN_STYLE = Automatic;
				INFOPLIST_FILE = iOSPrinciple_AVFoundationUITests/Info.plist;
				LD_RUNPATH_SEARCH_PATHS = (
					"$(inherited)",
					"@executable_path/Frameworks",
					"@loader_path/Frameworks",
				);
				PRODUCT_BUNDLE_IDENTIFIER = "R.S.iOSPrinciple-AVFoundationUITests";
				PRODUCT_NAME = "$(TARGET_NAME)";
				TARGETED_DEVICE_FAMILY = "1,2";
				TEST_TARGET_NAME = iOSPrinciple_AVFoundation;
			};
			name = Release;
		};
/* End XCBuildConfiguration section */

/* Begin XCConfigurationList section */
		34D5BEB620BFBBBC00462281 /* Build configuration list for PBXProject "iOSPrinciple_AVFoundation" */ = {
			isa = XCConfigurationList;
			buildConfigurations = (
				34D5BEE520BFBBC600462281 /* Debug */,
				34D5BEE620BFBBC600462281 /* Release */,
			);
			defaultConfigurationIsVisible = 0;
			defaultConfigurationName = Release;
		};
		34D5BEE720BFBBC600462281 /* Build configuration list for PBXNativeTarget "iOSPrinciple_AVFoundation" */ = {
			isa = XCConfigurationList;
			buildConfigurations = (
				34D5BEE820BFBBC600462281 /* Debug */,
				34D5BEE920BFBBC600462281 /* Release */,
			);
			defaultConfigurationIsVisible = 0;
			defaultConfigurationName = Release;
		};
		34D5BEEA20BFBBC600462281 /* Build configuration list for PBXNativeTarget "iOSPrinciple_AVFoundationTests" */ = {
			isa = XCConfigurationList;
			buildConfigurations = (
				34D5BEEB20BFBBC600462281 /* Debug */,
				34D5BEEC20BFBBC600462281 /* Release */,
			);
			defaultConfigurationIsVisible = 0;
			defaultConfigurationName = Release;
		};
		34D5BEED20BFBBC600462281 /* Build configuration list for PBXNativeTarget "iOSPrinciple_AVFoundationUITests" */ = {
			isa = XCConfigurationList;
			buildConfigurations = (
				34D5BEEE20BFBBC600462281 /* Debug */,
				34D5BEEF20BFBBC600462281 /* Release */,
			);
			defaultConfigurationIsVisible = 0;
			defaultConfigurationName = Release;
		};
/* End XCConfigurationList section */
	};
	rootObject = 34D5BEB320BFBBBC00462281 /* Project object */;
}
